// !$*UTF8*$!
{
	archiveVersion = 1;
	classes = {
	};
	objectVersion = 46;
	objects = {

/* Begin PBXBuildFile section */
		D65F4B711BEF029C00106EA3 /* AppDelegate.swift in Sources */ = {isa = PBXBuildFile; fileRef = D65F4B701BEF029C00106EA3 /* AppDelegate.swift */; };
		D65F4B731BEF029C00106EA3 /* ViewController.swift in Sources */ = {isa = PBXBuildFile; fileRef = D65F4B721BEF029C00106EA3 /* ViewController.swift */; };
		D65F4B761BEF029C00106EA3 /* Main.storyboard in Resources */ = {isa = PBXBuildFile; fileRef = D65F4B741BEF029C00106EA3 /* Main.storyboard */; };
		D65F4B781BEF029C00106EA3 /* Assets.xcassets in Resources */ = {isa = PBXBuildFile; fileRef = D65F4B771BEF029C00106EA3 /* Assets.xcassets */; };
		D65F4B7B1BEF029C00106EA3 /* LaunchScreen.storyboard in Resources */ = {isa = PBXBuildFile; fileRef = D65F4B791BEF029C00106EA3 /* LaunchScreen.storyboard */; };
		D65F4B861BEF029C00106EA3 /* MailboxTests.swift in Sources */ = {isa = PBXBuildFile; fileRef = D65F4B851BEF029C00106EA3 /* MailboxTests.swift */; };
		D65F4B911BEF029C00106EA3 /* MailboxUITests.swift in Sources */ = {isa = PBXBuildFile; fileRef = D65F4B901BEF029C00106EA3 /* MailboxUITests.swift */; };
		D65F4B9F1BEF03DD00106EA3 /* MailBoxViewController.swift in Sources */ = {isa = PBXBuildFile; fileRef = D65F4B9E1BEF03DD00106EA3 /* MailBoxViewController.swift */; };
/* End PBXBuildFile section */

/* Begin PBXContainerItemProxy section */
		D65F4B821BEF029C00106EA3 /* PBXContainerItemProxy */ = {
			isa = PBXContainerItemProxy;
			containerPortal = D65F4B651BEF029C00106EA3 /* Project object */;
			proxyType = 1;
			remoteGlobalIDString = D65F4B6C1BEF029C00106EA3;
			remoteInfo = Mailbox;
		};
		D65F4B8D1BEF029C00106EA3 /* PBXContainerItemProxy */ = {
			isa = PBXContainerItemProxy;
			containerPortal = D65F4B651BEF029C00106EA3 /* Project object */;
			proxyType = 1;
			remoteGlobalIDString = D65F4B6C1BEF029C00106EA3;
			remoteInfo = Mailbox;
		};
/* End PBXContainerItemProxy section */

/* Begin PBXFileReference section */
		D65F4B6D1BEF029C00106EA3 /* Mailbox.app */ = {isa = PBXFileReference; explicitFileType = wrapper.application; includeInIndex = 0; path = Mailbox.app; sourceTree = BUILT_PRODUCTS_DIR; };
		D65F4B701BEF029C00106EA3 /* AppDelegate.swift */ = {isa = PBXFileReference; lastKnownFileType = sourcecode.swift; path = AppDelegate.swift; sourceTree = "<group>"; };
		D65F4B721BEF029C00106EA3 /* ViewController.swift */ = {isa = PBXFileReference; lastKnownFileType = sourcecode.swift; path = ViewController.swift; sourceTree = "<group>"; };
		D65F4B751BEF029C00106EA3 /* Base */ = {isa = PBXFileReference; lastKnownFileType = file.storyboard; name = Base; path = Base.lproj/Main.storyboard; sourceTree = "<group>"; };
		D65F4B771BEF029C00106EA3 /* Assets.xcassets */ = {isa = PBXFileReference; lastKnownFileType = folder.assetcatalog; path = Assets.xcassets; sourceTree = "<group>"; };
		D65F4B7A1BEF029C00106EA3 /* Base */ = {isa = PBXFileReference; lastKnownFileType = file.storyboard; name = Base; path = Base.lproj/LaunchScreen.storyboard; sourceTree = "<group>"; };
		D65F4B7C1BEF029C00106EA3 /* Info.plist */ = {isa = PBXFileReference; lastKnownFileType = text.plist.xml; path = Info.plist; sourceTree = "<group>"; };
		D65F4B811BEF029C00106EA3 /* MailboxTests.xctest */ = {isa = PBXFileReference; explicitFileType = wrapper.cfbundle; includeInIndex = 0; path = MailboxTests.xctest; sourceTree = BUILT_PRODUCTS_DIR; };
		D65F4B851BEF029C00106EA3 /* MailboxTests.swift */ = {isa = PBXFileReference; lastKnownFileType = sourcecode.swift; path = MailboxTests.swift; sourceTree = "<group>"; };
		D65F4B871BEF029C00106EA3 /* Info.plist */ = {isa = PBXFileReference; lastKnownFileType = text.plist.xml; path = Info.plist; sourceTree = "<group>"; };
		D65F4B8C1BEF029C00106EA3 /* MailboxUITests.xctest */ = {isa = PBXFileReference; explicitFileType = wrapper.cfbundle; includeInIndex = 0; path = MailboxUITests.xctest; sourceTree = BUILT_PRODUCTS_DIR; };
		D65F4B901BEF029C00106EA3 /* MailboxUITests.swift */ = {isa = PBXFileReference; lastKnownFileType = sourcecode.swift; path = MailboxUITests.swift; sourceTree = "<group>"; };
		D65F4B921BEF029C00106EA3 /* Info.plist */ = {isa = PBXFileReference; lastKnownFileType = text.plist.xml; path = Info.plist; sourceTree = "<group>"; };
		D65F4B9E1BEF03DD00106EA3 /* MailBoxViewController.swift */ = {isa = PBXFileReference; fileEncoding = 4; lastKnownFileType = sourcecode.swift; path = MailBoxViewController.swift; sourceTree = "<group>"; };
/* End PBXFileReference section */

/* Begin PBXFrameworksBuildPhase section */
		D65F4B6A1BEF029C00106EA3 /* Frameworks */ = {
			isa = PBXFrameworksBuildPhase;
			buildActionMask = 2147483647;
			files = (
			);
			runOnlyForDeploymentPostprocessing = 0;
		};
		D65F4B7E1BEF029C00106EA3 /* Frameworks */ = {
			isa = PBXFrameworksBuildPhase;
			buildActionMask = 2147483647;
			files = (
			);
			runOnlyForDeploymentPostprocessing = 0;
		};
		D65F4B891BEF029C00106EA3 /* Frameworks */ = {
			isa = PBXFrameworksBuildPhase;
			buildActionMask = 2147483647;
			files = (
			);
			runOnlyForDeploymentPostprocessing = 0;
		};
/* End PBXFrameworksBuildPhase section */

/* Begin PBXGroup section */
		D65F4B641BEF029C00106EA3 = {
			isa = PBXGroup;
			children = (
				D65F4B6F1BEF029C00106EA3 /* Mailbox */,
				D65F4B841BEF029C00106EA3 /* MailboxTests */,
				D65F4B8F1BEF029C00106EA3 /* MailboxUITests */,
				D65F4B6E1BEF029C00106EA3 /* Products */,
			);
			sourceTree = "<group>";
		};
		D65F4B6E1BEF029C00106EA3 /* Products */ = {
			isa = PBXGroup;
			children = (
				D65F4B6D1BEF029C00106EA3 /* Mailbox.app */,
				D65F4B811BEF029C00106EA3 /* MailboxTests.xctest */,
				D65F4B8C1BEF029C00106EA3 /* MailboxUITests.xctest */,
			);
			name = Products;
			sourceTree = "<group>";
		};
		D65F4B6F1BEF029C00106EA3 /* Mailbox */ = {
			isa = PBXGroup;
			children = (
				D65F4B701BEF029C00106EA3 /* AppDelegate.swift */,
				D65F4B721BEF029C00106EA3 /* ViewController.swift */,
				D65F4B741BEF029C00106EA3 /* Main.storyboard */,
				D65F4B9E1BEF03DD00106EA3 /* MailBoxViewController.swift */,
				D65F4B771BEF029C00106EA3 /* Assets.xcassets */,
				D65F4B791BEF029C00106EA3 /* LaunchScreen.storyboard */,
				D65F4B7C1BEF029C00106EA3 /* Info.plist */,
			);
			path = Mailbox;
			sourceTree = "<group>";
		};
		D65F4B841BEF029C00106EA3 /* MailboxTests */ = {
			isa = PBXGroup;
			children = (
				D65F4B851BEF029C00106EA3 /* MailboxTests.swift */,
				D65F4B871BEF029C00106EA3 /* Info.plist */,
			);
			path = MailboxTests;
			sourceTree = "<group>";
		};
		D65F4B8F1BEF029C00106EA3 /* MailboxUITests */ = {
			isa = PBXGroup;
			children = (
				D65F4B901BEF029C00106EA3 /* MailboxUITests.swift */,
				D65F4B921BEF029C00106EA3 /* Info.plist */,
			);
			path = MailboxUITests;
			sourceTree = "<group>";
		};
/* End PBXGroup section */

/* Begin PBXNativeTarget section */
		D65F4B6C1BEF029C00106EA3 /* Mailbox */ = {
			isa = PBXNativeTarget;
			buildConfigurationList = D65F4B951BEF029C00106EA3 /* Build configuration list for PBXNativeTarget "Mailbox" */;
			buildPhases = (
				D65F4B691BEF029C00106EA3 /* Sources */,
				D65F4B6A1BEF029C00106EA3 /* Frameworks */,
				D65F4B6B1BEF029C00106EA3 /* Resources */,
			);
			buildRules = (
			);
			dependencies = (
			);
			name = Mailbox;
			productName = Mailbox;
			productReference = D65F4B6D1BEF029C00106EA3 /* Mailbox.app */;
			productType = "com.apple.product-type.application";
		};
		D65F4B801BEF029C00106EA3 /* MailboxTests */ = {
			isa = PBXNativeTarget;
			buildConfigurationList = D65F4B981BEF029C00106EA3 /* Build configuration list for PBXNativeTarget "MailboxTests" */;
			buildPhases = (
				D65F4B7D1BEF029C00106EA3 /* Sources */,
				D65F4B7E1BEF029C00106EA3 /* Frameworks */,
				D65F4B7F1BEF029C00106EA3 /* Resources */,
			);
			buildRules = (
			);
			dependencies = (
				D65F4B831BEF029C00106EA3 /* PBXTargetDependency */,
			);
			name = MailboxTests;
			productName = MailboxTests;
			productReference = D65F4B811BEF029C00106EA3 /* MailboxTests.xctest */;
			productType = "com.apple.product-type.bundle.unit-test";
		};
		D65F4B8B1BEF029C00106EA3 /* MailboxUITests */ = {
			isa = PBXNativeTarget;
			buildConfigurationList = D65F4B9B1BEF029C00106EA3 /* Build configuration list for PBXNativeTarget "MailboxUITests" */;
			buildPhases = (
				D65F4B881BEF029C00106EA3 /* Sources */,
				D65F4B891BEF029C00106EA3 /* Frameworks */,
				D65F4B8A1BEF029C00106EA3 /* Resources */,
			);
			buildRules = (
			);
			dependencies = (
				D65F4B8E1BEF029C00106EA3 /* PBXTargetDependency */,
			);
			name = MailboxUITests;
			productName = MailboxUITests;
			productReference = D65F4B8C1BEF029C00106EA3 /* MailboxUITests.xctest */;
			productType = "com.apple.product-type.bundle.ui-testing";
		};
/* End PBXNativeTarget section */

/* Begin PBXProject section */
		D65F4B651BEF029C00106EA3 /* Project object */ = {
			isa = PBXProject;
			attributes = {
				LastSwiftUpdateCheck = 0710;
				LastUpgradeCheck = 0710;
				ORGANIZATIONNAME = "Haihong Wang";
				TargetAttributes = {
					D65F4B6C1BEF029C00106EA3 = {
						CreatedOnToolsVersion = 7.1;
					};
					D65F4B801BEF029C00106EA3 = {
						CreatedOnToolsVersion = 7.1;
						TestTargetID = D65F4B6C1BEF029C00106EA3;
					};
					D65F4B8B1BEF029C00106EA3 = {
						CreatedOnToolsVersion = 7.1;
						TestTargetID = D65F4B6C1BEF029C00106EA3;
					};
				};
			};
			buildConfigurationList = D65F4B681BEF029C00106EA3 /* Build configuration list for PBXProject "Mailbox" */;
			compatibilityVersion = "Xcode 3.2";
			developmentRegion = English;
			hasScannedForEncodings = 0;
			knownRegions = (
				en,
				Base,
			);
			mainGroup = D65F4B641BEF029C00106EA3;
			productRefGroup = D65F4B6E1BEF029C00106EA3 /* Products */;
			projectDirPath = "";
			projectRoot = "";
			targets = (
				D65F4B6C1BEF029C00106EA3 /* Mailbox */,
				D65F4B801BEF029C00106EA3 /* MailboxTests */,
				D65F4B8B1BEF029C00106EA3 /* MailboxUITests */,
			);
		};
/* End PBXProject section */

/* Begin PBXResourcesBuildPhase section */
		D65F4B6B1BEF029C00106EA3 /* Resources */ = {
			isa = PBXResourcesBuildPhase;
			buildActionMask = 2147483647;
			files = (
				D65F4B7B1BEF029C00106EA3 /* LaunchScreen.storyboard in Resources */,
				D65F4B781BEF029C00106EA3 /* Assets.xcassets in Resources */,
				D65F4B761BEF029C00106EA3 /* Main.storyboard in Resources */,
			);
			runOnlyForDeploymentPostprocessing = 0;
		};
		D65F4B7F1BEF029C00106EA3 /* Resources */ = {
			isa = PBXResourcesBuildPhase;
			buildActionMask = 2147483647;
			files = (
			);
			runOnlyForDeploymentPostprocessing = 0;
		};
		D65F4B8A1BEF029C00106EA3 /* Resources */ = {
			isa = PBXResourcesBuildPhase;
			buildActionMask = 2147483647;
			files = (
			);
			runOnlyForDeploymentPostprocessing = 0;
		};
/* End PBXResourcesBuildPhase section */

/* Begin PBXSourcesBuildPhase section */
		D65F4B691BEF029C00106EA3 /* Sources */ = {
			isa = PBXSourcesBuildPhase;
			buildActionMask = 2147483647;
			files = (
				D65F4B731BEF029C00106EA3 /* ViewController.swift in Sources */,
				D65F4B711BEF029C00106EA3 /* AppDelegate.swift in Sources */,
				D65F4B9F1BEF03DD00106EA3 /* MailBoxViewController.swift in Sources */,
			);
			runOnlyForDeploymentPostprocessing = 0;
		};
		D65F4B7D1BEF029C00106EA3 /* Sources */ = {
			isa = PBXSourcesBuildPhase;
			buildActionMask = 2147483647;
			files = (
				D65F4B861BEF029C00106EA3 /* MailboxTests.swift in Sources */,
			);
			runOnlyForDeploymentPostprocessing = 0;
		};
		D65F4B881BEF029C00106EA3 /* Sources */ = {
			isa = PBXSourcesBuildPhase;
			buildActionMask = 2147483647;
			files = (
				D65F4B911BEF029C00106EA3 /* MailboxUITests.swift in Sources */,
			);
			runOnlyForDeploymentPostprocessing = 0;
		};
/* End PBXSourcesBuildPhase section */

/* Begin PBXTargetDependency section */
		D65F4B831BEF029C00106EA3 /* PBXTargetDependency */ = {
			isa = PBXTargetDependency;
			target = D65F4B6C1BEF029C00106EA3 /* Mailbox */;
			targetProxy = D65F4B821BEF029C00106EA3 /* PBXContainerItemProxy */;
		};
		D65F4B8E1BEF029C00106EA3 /* PBXTargetDependency */ = {
			isa = PBXTargetDependency;
			target = D65F4B6C1BEF029C00106EA3 /* Mailbox */;
			targetProxy = D65F4B8D1BEF029C00106EA3 /* PBXContainerItemProxy */;
		};
/* End PBXTargetDependency section */

/* Begin PBXVariantGroup section */
		D65F4B741BEF029C00106EA3 /* Main.storyboard */ = {
			isa = PBXVariantGroup;
			children = (
				D65F4B751BEF029C00106EA3 /* Base */,
			);
			name = Main.storyboard;
			sourceTree = "<group>";
		};
		D65F4B791BEF029C00106EA3 /* LaunchScreen.storyboard */ = {
			isa = PBXVariantGroup;
			children = (
				D65F4B7A1BEF029C00106EA3 /* Base */,
			);
			name = LaunchScreen.storyboard;
			sourceTree = "<group>";
		};
/* End PBXVariantGroup section */

/* Begin XCBuildConfiguration section */
		D65F4B931BEF029C00106EA3 /* Debug */ = {
			isa = XCBuildConfiguration;
			buildSettings = {
				ALWAYS_SEARCH_USER_PATHS = NO;
				CLANG_CXX_LANGUAGE_STANDARD = "gnu++0x";
				CLANG_CXX_LIBRARY = "libc++";
				CLANG_ENABLE_MODULES = YES;
				CLANG_ENABLE_OBJC_ARC = YES;
				CLANG_WARN_BOOL_CONVERSION = YES;
				CLANG_WARN_CONSTANT_CONVERSION = YES;
				CLANG_WARN_DIRECT_OBJC_ISA_USAGE = YES_ERROR;
				CLANG_WARN_EMPTY_BODY = YES;
				CLANG_WARN_ENUM_CONVERSION = YES;
				CLANG_WARN_INT_CONVERSION = YES;
				CLANG_WARN_OBJC_ROOT_CLASS = YES_ERROR;
				CLANG_WARN_UNREACHABLE_CODE = YES;
				CLANG_WARN__DUPLICATE_METHOD_MATCH = YES;
				"CODE_SIGN_IDENTITY[sdk=iphoneos*]" = "iPhone Developer";
				COPY_PHASE_STRIP = NO;
				DEBUG_INFORMATION_FORMAT = dwarf;
				ENABLE_STRICT_OBJC_MSGSEND = YES;
				ENABLE_TESTABILITY = YES;
				GCC_C_LANGUAGE_STANDARD = gnu99;
				GCC_DYNAMIC_NO_PIC = NO;
				GCC_NO_COMMON_BLOCKS = YES;
				GCC_OPTIMIZATION_LEVEL = 0;
				GCC_PREPROCESSOR_DEFINITIONS = (
					"DEBUG=1",
					"$(inherited)",
				);
				GCC_WARN_64_TO_32_BIT_CONVERSION = YES;
				GCC_WARN_ABOUT_RETURN_TYPE = YES_ERROR;
				GCC_WARN_UNDECLARED_SELECTOR = YES;
				GCC_WARN_UNINITIALIZED_AUTOS = YES_AGGRESSIVE;
				GCC_WARN_UNUSED_FUNCTION = YES;
				GCC_WARN_UNUSED_VARIABLE = YES;
				IPHONEOS_DEPLOYMENT_TARGET = 9.1;
				MTL_ENABLE_DEBUG_INFO = YES;
				ONLY_ACTIVE_ARCH = YES;
				SDKROOT = iphoneos;
				SWIFT_OPTIMIZATION_LEVEL = "-Onone";
			};
			name = Debug;
		};
		D65F4B941BEF029C00106EA3 /* Release */ = {
			isa = XCBuildConfiguration;
			buildSettings = {
				ALWAYS_SEARCH_USER_PATHS = NO;
				CLANG_CXX_LANGUAGE_STANDARD = "gnu++0x";
				CLANG_CXX_LIBRARY = "libc++";
				CLANG_ENABLE_MODULES = YES;
				CLANG_ENABLE_OBJC_ARC = YES;
				CLANG_WARN_BOOL_CONVERSION = YES;
				CLANG_WARN_CONSTANT_CONVERSION = YES;
				CLANG_WARN_DIRECT_OBJC_ISA_USAGE = YES_ERROR;
				CLANG_WARN_EMPTY_BODY = YES;
				CLANG_WARN_ENUM_CONVERSION = YES;
				CLANG_WARN_INT_CONVERSION = YES;
				CLANG_WARN_OBJC_ROOT_CLASS = YES_ERROR;
				CLANG_WARN_UNREACHABLE_CODE = YES;
				CLANG_WARN__DUPLICATE_METHOD_MATCH = YES;
				"CODE_SIGN_IDENTITY[sdk=iphoneos*]" = "iPhone Developer";
				COPY_PHASE_STRIP = NO;
				DEBUG_INFORMATION_FORMAT = "dwarf-with-dsym";
				ENABLE_NS_ASSERTIONS = NO;
				ENABLE_STRICT_OBJC_MSGSEND = YES;
				GCC_C_LANGUAGE_STANDARD = gnu99;
				GCC_NO_COMMON_BLOCKS = YES;
				GCC_WARN_64_TO_32_BIT_CONVERSION = YES;
				GCC_WARN_ABOUT_RETURN_TYPE = YES_ERROR;
				GCC_WARN_UNDECLARED_SELECTOR = YES;
				GCC_WARN_UNINITIALIZED_AUTOS = YES_AGGRESSIVE;
				GCC_WARN_UNUSED_FUNCTION = YES;
				GCC_WARN_UNUSED_VARIABLE = YES;
				IPHONEOS_DEPLOYMENT_TARGET = 9.1;
				MTL_ENABLE_DEBUG_INFO = NO;
				SDKROOT = iphoneos;
				VALIDATE_PRODUCT = YES;
			};
			name = Release;
		};
		D65F4B961BEF029C00106EA3 /* Debug */ = {
			isa = XCBuildConfiguration;
			buildSettings = {
				ASSETCATALOG_COMPILER_APPICON_NAME = AppIcon;
				INFOPLIST_FILE = Mailbox/Info.plist;
				LD_RUNPATH_SEARCH_PATHS = "$(inherited) @executable_path/Frameworks";
				PRODUCT_BUNDLE_IDENTIFIER = haihong.Mailbox;
				PRODUCT_NAME = "$(TARGET_NAME)";
			};
			name = Debug;
		};
		D65F4B971BEF029C00106EA3 /* Release */ = {
			isa = XCBuildConfiguration;
			buildSettings = {
				ASSETCATALOG_COMPILER_APPICON_NAME = AppIcon;
				INFOPLIST_FILE = Mailbox/Info.plist;
				LD_RUNPATH_SEARCH_PATHS = "$(inherited) @executable_path/Frameworks";
				PRODUCT_BUNDLE_IDENTIFIER = haihong.Mailbox;
				PRODUCT_NAME = "$(TARGET_NAME)";
			};
			name = Release;
		};
		D65F4B991BEF029C00106EA3 /* Debug */ = {
			isa = XCBuildConfiguration;
			buildSettings = {
				BUNDLE_LOADER = "$(TEST_HOST)";
				INFOPLIST_FILE = MailboxTests/Info.plist;
				LD_RUNPATH_SEARCH_PATHS = "$(inherited) @executable_path/Frameworks @loader_path/Frameworks";
				PRODUCT_BUNDLE_IDENTIFIER = haihong.MailboxTests;
				PRODUCT_NAME = "$(TARGET_NAME)";
				TEST_HOST = "$(BUILT_PRODUCTS_DIR)/Mailbox.app/Mailbox";
			};
			name = Debug;
		};
		D65F4B9A1BEF029C00106EA3 /* Release */ = {
			isa = XCBuildConfiguration;
			buildSettings = {
				BUNDLE_LOADER = "$(TEST_HOST)";
				INFOPLIST_FILE = MailboxTests/Info.plist;
				LD_RUNPATH_SEARCH_PATHS = "$(inherited) @executable_path/Frameworks @loader_path/Frameworks";
				PRODUCT_BUNDLE_IDENTIFIER = haihong.MailboxTests;
				PRODUCT_NAME = "$(TARGET_NAME)";
				TEST_HOST = "$(BUILT_PRODUCTS_DIR)/Mailbox.app/Mailbox";
			};
			name = Release;
		};
		D65F4B9C1BEF029C00106EA3 /* Debug */ = {
			isa = XCBuildConfiguration;
			buildSettings = {
				INFOPLIST_FILE = MailboxUITests/Info.plist;
				LD_RUNPATH_SEARCH_PATHS = "$(inherited) @executable_path/Frameworks @loader_path/Frameworks";
				PRODUCT_BUNDLE_IDENTIFIER = haihong.MailboxUITests;
				PRODUCT_NAME = "$(TARGET_NAME)";
				TEST_TARGET_NAME = Mailbox;
				USES_XCTRUNNER = YES;
			};
			name = Debug;
		};
		D65F4B9D1BEF029C00106EA3 /* Release */ = {
			isa = XCBuildConfiguration;
			buildSettings = {
				INFOPLIST_FILE = MailboxUITests/Info.plist;
				LD_RUNPATH_SEARCH_PATHS = "$(inherited) @executable_path/Frameworks @loader_path/Frameworks";
				PRODUCT_BUNDLE_IDENTIFIER = haihong.MailboxUITests;
				PRODUCT_NAME = "$(TARGET_NAME)";
				TEST_TARGET_NAME = Mailbox;
				USES_XCTRUNNER = YES;
			};
			name = Release;
		};
/* End XCBuildConfiguration section */

/* Begin XCConfigurationList section */
		D65F4B681BEF029C00106EA3 /* Build configuration list for PBXProject "Mailbox" */ = {
			isa = XCConfigurationList;
			buildConfigurations = (
				D65F4B931BEF029C00106EA3 /* Debug */,
				D65F4B941BEF029C00106EA3 /* Release */,
			);
			defaultConfigurationIsVisible = 0;
			defaultConfigurationName = Release;
		};
		D65F4B951BEF029C00106EA3 /* Build configuration list for PBXNativeTarget "Mailbox" */ = {
			isa = XCConfigurationList;
			buildConfigurations = (
				D65F4B961BEF029C00106EA3 /* Debug */,
				D65F4B971BEF029C00106EA3 /* Release */,
			);
			defaultConfigurationIsVisible = 0;
		};
		D65F4B981BEF029C00106EA3 /* Build configuration list for PBXNativeTarget "MailboxTests" */ = {
			isa = XCConfigurationList;
			buildConfigurations = (
				D65F4B991BEF029C00106EA3 /* Debug */,
				D65F4B9A1BEF029C00106EA3 /* Release */,
			);
			defaultConfigurationIsVisible = 0;
		};
		D65F4B9B1BEF029C00106EA3 /* Build configuration list for PBXNativeTarget "MailboxUITests" */ = {
			isa = XCConfigurationList;
			buildConfigurations = (
				D65F4B9C1BEF029C00106EA3 /* Debug */,
				D65F4B9D1BEF029C00106EA3 /* Release */,
			);
			defaultConfigurationIsVisible = 0;
		};
/* End XCConfigurationList section */
	};
	rootObject = D65F4B651BEF029C00106EA3 /* Project object */;
}
